<?xml version="1.0" encoding="utf-8"?>
<Project ToolsVersion="4.0" xmlns="http://schemas.microsoft.com/developer/msbuild/2003">
  <ItemGroup>
    <Filter Include="2d">
      <UniqueIdentifier>{a486489e-a512-42fb-8692-a38181fb4ed5}</UniqueIdentifier>
    </Filter>
    <Filter Include="base">
      <UniqueIdentifier>{e5ed5bc4-beec-4f3b-9d0f-6d04afbf5cf9}</UniqueIdentifier>
    </Filter>
    <Filter Include="math">
      <UniqueIdentifier>{e0b3dd11-7496-4d41-a706-945492766973}</UniqueIdentifier>
    </Filter>
    <Filter Include="audio">
      <UniqueIdentifier>{f11d2948-1d27-4a99-aa11-2623d608d7d9}</UniqueIdentifier>
    </Filter>
    <Filter Include="network">
      <UniqueIdentifier>{466a425a-49b3-48af-9f6c-cbf2a1da21f3}</UniqueIdentifier>
    </Filter>
    <Filter Include="ui">
      <UniqueIdentifier>{830d8ea8-8c8b-40b6-9bb2-a0d478bb86fa}</UniqueIdentifier>
    </Filter>
    <Filter Include="renderer">
      <UniqueIdentifier>{bff717c8-24da-4502-905b-9877144db0c5}</UniqueIdentifier>
    </Filter>
    <Filter Include="platform">
      <UniqueIdentifier>{1d2c4a41-416b-477d-8610-1e4cea4e0540}</UniqueIdentifier>
    </Filter>
    <Filter Include="platform\desktop">
      <UniqueIdentifier>{e97c57e2-5d60-4047-ad82-afcffc00f9bc}</UniqueIdentifier>
    </Filter>
    <Filter Include="platform\mac">
      <UniqueIdentifier>{5dc8e9a1-475f-461d-a2e1-b416ab898b61}</UniqueIdentifier>
    </Filter>
    <Filter Include="platform\win32">
      <UniqueIdentifier>{75cd46d5-0403-4d8f-9781-e375efab4462}</UniqueIdentifier>
    </Filter>
    <Filter Include="external">
      <UniqueIdentifier>{7092214e-f407-48c8-ada6-1824f4ff9a36}</UniqueIdentifier>
    </Filter>
    <Filter Include="external\xxhash">
      <UniqueIdentifier>{575177ee-edfb-4cb7-a098-983bef7e401f}</UniqueIdentifier>
    </Filter>
    <Filter Include="renderer\unkown">
      <UniqueIdentifier>{0bd4cd5e-2121-420b-b192-da2bd63a31ef}</UniqueIdentifier>
    </Filter>
    <Filter Include="external\unzip">
      <UniqueIdentifier>{8ae44480-d789-42c1-a57f-1d68948da573}</UniqueIdentifier>
    </Filter>
  </ItemGroup>
  <ItemGroup>
    <ClInclude Include="..\renderer\Renderer.h">
      <Filter>renderer</Filter>
    </ClInclude>
    <ClInclude Include="..\base\Types.h">
      <Filter>base</Filter>
    </ClInclude>
    <ClInclude Include="..\math\Vec3.h">
      <Filter>math</Filter>
    </ClInclude>
    <ClInclude Include="..\renderer\QuadCommand.h">
      <Filter>renderer</Filter>
    </ClInclude>
    <ClInclude Include="..\renderer\RenderCommand.h">
      <Filter>renderer</Filter>
    </ClInclude>
    <ClInclude Include="..\renderer\RenderQueue.h">
      <Filter>renderer</Filter>
    </ClInclude>
    <ClInclude Include="..\renderer\CustomCommand.h">
      <Filter>renderer</Filter>
    </ClInclude>
    <ClInclude Include="..\math\Mat4.h">
      <Filter>math</Filter>
    </ClInclude>
    <ClInclude Include="..\renderer\GLStateCache.h">
      <Filter>renderer</Filter>
    </ClInclude>
    <ClInclude Include="..\platform\PlatformConfig.h">
      <Filter>platform</Filter>
    </ClInclude>
    <ClInclude Include="..\platform\PlatformDefine.h">
      <Filter>platform</Filter>
    </ClInclude>
    <ClInclude Include="..\platform\PlatformMacros.h">
      <Filter>platform</Filter>
    </ClInclude>
    <ClInclude Include="..\platform\win32\PlatformDefine-win32.h">
      <Filter>platform\win32</Filter>
    </ClInclude>
    <ClInclude Include="..\platform\mac\PlatformDefine-mac.h">
      <Filter>platform\mac</Filter>
    </ClInclude>
    <ClInclude Include="..\platform\GL.h">
      <Filter>platform</Filter>
    </ClInclude>
    <ClInclude Include="..\platform\win32\GL-win32.h">
      <Filter>platform\win32</Filter>
    </ClInclude>
    <ClInclude Include="..\platform\mac\GL-mac.h">
      <Filter>platform\mac</Filter>
    </ClInclude>
    <ClInclude Include="..\..\external\xxhash\xxhash.h">
      <Filter>external\xxhash</Filter>
    </ClInclude>
    <ClInclude Include="..\base\AutoreleasePool.h">
      <Filter>base</Filter>
    </ClInclude>
    <ClInclude Include="..\base\Ref.h">
      <Filter>base</Filter>
    </ClInclude>
    <ClInclude Include="..\renderer\GLProgramState.h">
      <Filter>renderer\unkown</Filter>
    </ClInclude>
    <ClInclude Include="..\renderer\GLProgram.h">
      <Filter>renderer\unkown</Filter>
    </ClInclude>
    <ClInclude Include="..\platform\Image.h">
      <Filter>platform</Filter>
    </ClInclude>
    <ClInclude Include="..\..\external\unzip\ioapi.h">
      <Filter>external\unzip</Filter>
    </ClInclude>
    <ClInclude Include="..\..\external\unzip\ioapi_mem.h">
      <Filter>external\unzip</Filter>
    </ClInclude>
    <ClInclude Include="..\..\external\unzip\unzip.h">
      <Filter>external\unzip</Filter>
    </ClInclude>
    <ClInclude Include="..\renderer\Texture2D.h">
      <Filter>renderer\unkown</Filter>
    </ClInclude>
  </ItemGroup>
  <ItemGroup>
    <ClCompile Include="..\renderer\Renderer.cpp">
      <Filter>renderer</Filter>
    </ClCompile>
    <ClCompile Include="..\math\Vec3.cpp">
      <Filter>math</Filter>
    </ClCompile>
    <ClCompile Include="..\base\Types.cpp">
      <Filter>base</Filter>
    </ClCompile>
    <ClCompile Include="..\renderer\QuadCommand.cpp">
      <Filter>renderer</Filter>
    </ClCompile>
    <ClCompile Include="..\renderer\RenderQueue.cpp">
      <Filter>renderer</Filter>
    </ClCompile>
    <ClCompile Include="..\renderer\RenderCommand.cpp">
      <Filter>renderer</Filter>
    </ClCompile>
    <ClCompile Include="..\renderer\CustomCommand.cpp">
      <Filter>renderer</Filter>
    </ClCompile>
    <ClCompile Include="..\math\Mat4.cpp">
      <Filter>math</Filter>
    </ClCompile>
    <ClCompile Include="..\renderer\GLStateCache.cpp">
      <Filter>renderer</Filter>
    </ClCompile>
    <ClCompile Include="..\..\external\xxhash\xxhash.c">
      <Filter>external\xxhash</Filter>
    </ClCompile>
    <ClCompile Include="..\base\AutoreleasePool.cpp">
      <Filter>base</Filter>
    </ClCompile>
    <ClCompile Include="..\base\Ref.cpp">
      <Filter>base</Filter>
    </ClCompile>
    <ClCompile Include="..\renderer\GLProgramState.cpp">
      <Filter>renderer\unkown</Filter>
    </ClCompile>
    <ClCompile Include="..\renderer\GLProgram.cpp">
      <Filter>renderer\unkown</Filter>
    </ClCompile>
    <ClCompile Include="..\platform\Image.cpp">
      <Filter>platform</Filter>
    </ClCompile>
    <ClCompile Include="..\..\external\unzip\ioapi.cpp">
      <Filter>external\unzip</Filter>
    </ClCompile>
    <ClCompile Include="..\..\external\unzip\ioapi_mem.cpp">
      <Filter>external\unzip</Filter>
    </ClCompile>
    <ClCompile Include="..\..\external\unzip\unzip.cpp">
      <Filter>external\unzip</Filter>
    </ClCompile>
    <ClCompile Include="..\renderer\Texture2D.cpp">
      <Filter>renderer\unkown</Filter>
    </ClCompile>
  </ItemGroup>
  <ItemGroup>
    <None Include="..\math\Mat4.inl">
      <Filter>math</Filter>
    </None>
  </ItemGroup>
</Project>