<?xml version="1.0" encoding="utf-8"?>
<Project ToolsVersion="4.0" xmlns="http://schemas.microsoft.com/developer/msbuild/2003">
  <ItemGroup>
    <Filter Include="2d">
      <UniqueIdentifier>{f6c8dc01-3077-4c0f-b723-9906fab2bef0}</UniqueIdentifier>
    </Filter>
    <Filter Include="audioengine">
      <UniqueIdentifier>{804f61d3-c310-4bf7-be0a-d3ace72c12ed}</UniqueIdentifier>
    </Filter>
    <Filter Include="base">
      <UniqueIdentifier>{db2398de-0abe-49a6-8fe2-d2e9de15aa5b}</UniqueIdentifier>
    </Filter>
    <Filter Include="math">
      <UniqueIdentifier>{43446186-855f-4622-87fc-efe1ebcad52b}</UniqueIdentifier>
    </Filter>
    <Filter Include="platform">
      <UniqueIdentifier>{f3d13326-1927-4e5b-8bd2-2d8f14ce9197}</UniqueIdentifier>
    </Filter>
    <Filter Include="renderer">
      <UniqueIdentifier>{421fa0b4-1e27-4952-8254-aca9d671dfb0}</UniqueIdentifier>
    </Filter>
    <Filter Include="external">
      <UniqueIdentifier>{40453ebc-2b0a-46e5-a06c-4111b17b700d}</UniqueIdentifier>
    </Filter>
    <Filter Include="network">
      <UniqueIdentifier>{58241245-798c-4912-82e8-47f564a2343a}</UniqueIdentifier>
    </Filter>
    <Filter Include="ui">
      <UniqueIdentifier>{e9c60ee1-b2e8-4dd2-8fb3-bb255b2f7799}</UniqueIdentifier>
    </Filter>
    <Filter Include="platform\mac">
      <UniqueIdentifier>{595380b7-d404-43f4-ab22-a293abadd04f}</UniqueIdentifier>
    </Filter>
    <Filter Include="platform\android">
      <UniqueIdentifier>{556cb002-2ffe-4eaf-9e3e-174ad920e015}</UniqueIdentifier>
    </Filter>
    <Filter Include="platform\ios">
      <UniqueIdentifier>{866827d3-cf7f-44f6-87ac-32b0fc9a1ef6}</UniqueIdentifier>
    </Filter>
    <Filter Include="platform\linux">
      <UniqueIdentifier>{ba97ac95-e324-4d9e-96c4-6f41d565ec72}</UniqueIdentifier>
    </Filter>
    <Filter Include="platform\win32">
      <UniqueIdentifier>{e800515a-c30a-40a7-a3bb-78704c769544}</UniqueIdentifier>
    </Filter>
    <Filter Include="platform\desktop">
      <UniqueIdentifier>{f258feac-6aaf-4799-ae8d-e5cd21b72c57}</UniqueIdentifier>
    </Filter>
  </ItemGroup>
  <ItemGroup>
    <ClCompile Include="..\simple2d.cpp" />
    <ClCompile Include="..\base\Ref.cpp">
      <Filter>base</Filter>
    </ClCompile>
    <ClCompile Include="..\base\AutoreleasePool.cpp">
      <Filter>base</Filter>
    </ClCompile>
    <ClCompile Include="..\platform\GLView.cpp">
      <Filter>platform</Filter>
    </ClCompile>
    <ClCompile Include="..\platform\desktop\GLViewImpl-desktop.cpp">
      <Filter>platform\desktop</Filter>
    </ClCompile>
  </ItemGroup>
  <ItemGroup>
    <ClInclude Include="..\simple2d.h" />
    <ClInclude Include="..\platform\PlatformConfig.h">
      <Filter>platform</Filter>
    </ClInclude>
    <ClInclude Include="..\platform\PlatformMacros.h">
      <Filter>platform</Filter>
    </ClInclude>
    <ClInclude Include="..\platform\PlatformDefine.h">
      <Filter>platform</Filter>
    </ClInclude>
    <ClInclude Include="..\platform\win32\PlatformDefine-win32.h">
      <Filter>platform\win32</Filter>
    </ClInclude>
    <ClInclude Include="..\platform\android\PlatformDefine-android.h">
      <Filter>platform\android</Filter>
    </ClInclude>
    <ClInclude Include="..\platform\ios\PlatformDefine-ios.h">
      <Filter>platform\ios</Filter>
    </ClInclude>
    <ClInclude Include="..\platform\linux\PlatformDefine-linux.h">
      <Filter>platform\linux</Filter>
    </ClInclude>
    <ClInclude Include="..\platform\mac\PlatformDefine-mac.h">
      <Filter>platform\mac</Filter>
    </ClInclude>
    <ClInclude Include="..\platform\GL.h">
      <Filter>platform</Filter>
    </ClInclude>
    <ClInclude Include="..\platform\android\GL-android.h">
      <Filter>platform\android</Filter>
    </ClInclude>
    <ClInclude Include="..\platform\ios\GL-ios.h">
      <Filter>platform\ios</Filter>
    </ClInclude>
    <ClInclude Include="..\platform\linux\GL-linux.h">
      <Filter>platform\linux</Filter>
    </ClInclude>
    <ClInclude Include="..\platform\mac\GL-mac.h">
      <Filter>platform\mac</Filter>
    </ClInclude>
    <ClInclude Include="..\platform\win32\GL-win32.h">
      <Filter>platform\win32</Filter>
    </ClInclude>
    <ClInclude Include="..\base\Ref.h">
      <Filter>base</Filter>
    </ClInclude>
    <ClInclude Include="..\base\AutoreleasePool.h">
      <Filter>base</Filter>
    </ClInclude>
    <ClInclude Include="..\platform\GLView.h">
      <Filter>platform</Filter>
    </ClInclude>
    <ClInclude Include="..\platform\desktop\GLViewImpl-desktop.h">
      <Filter>platform\desktop</Filter>
    </ClInclude>
  </ItemGroup>
  <ItemGroup>
    <None Include="simple2d.def" />
  </ItemGroup>
</Project>